
Microsoft Visual Studio Solution File, Format Version 11.00
# Visual Studio 2010
Project("{FAE04EC0-301F-11D3-BF4B-00C04F79EFBC}") = "ExtDirectHandler", "ExtDirectHandler\ExtDirectHandler.csproj", "{05DE4E2B-B092-40E6-9736-93AEF700C039}"
EndProject
Project("{FAE04EC0-301F-11D3-BF4B-00C04F79EFBC}") = "ExtDirectHandler.Tests", "ExtDirectHandler.Tests\ExtDirectHandler.Tests.csproj", "{54C52296-3AA9-485E-B5EE-DA6250CFBCDC}"
EndProject
Project("{FAE04EC0-301F-11D3-BF4B-00C04F79EFBC}") = "SampleWebApplication", "SampleWebApplication\SampleWebApplication.csproj", "{AD514971-E75A-488C-9531-F1A36DEA9D60}"
EndProject
Project("{FAE04EC0-301F-11D3-BF4B-00C04F79EFBC}") = "ExtSamplesRunner", "ExtSamplesRunner\ExtSamplesRunner.csproj", "{599F012D-0BDF-4FDB-996F-982ACCD3998D}"
EndProject
Global
	GlobalSection(SolutionConfigurationPlatforms) = preSolution
		Debug|Any CPU = Debug|Any CPU
		Release|Any CPU = Release|Any CPU
	EndGlobalSection
	GlobalSection(ProjectConfigurationPlatforms) = postSolution
		{05DE4E2B-B092-40E6-9736-93AEF700C039}.Debug|Any CPU.ActiveCfg = Debug|Any CPU
		{05DE4E2B-B092-40E6-9736-93AEF700C039}.Debug|Any CPU.Build.0 = Debug|Any CPU
		{05DE4E2B-B092-40E6-9736-93AEF700C039}.Release|Any CPU.ActiveCfg = Release|Any CPU
		{05DE4E2B-B092-40E6-9736-93AEF700C039}.Release|Any CPU.Build.0 = Release|Any CPU
		{54C52296-3AA9-485E-B5EE-DA6250CFBCDC}.Debug|Any CPU.ActiveCfg = Debug|Any CPU
		{54C52296-3AA9-485E-B5EE-DA6250CFBCDC}.Debug|Any CPU.Build.0 = Debug|Any CPU
		{54C52296-3AA9-485E-B5EE-DA6250CFBCDC}.Release|Any CPU.ActiveCfg = Release|Any CPU
		{54C52296-3AA9-485E-B5EE-DA6250CFBCDC}.Release|Any CPU.Build.0 = Release|Any CPU
		{AD514971-E75A-488C-9531-F1A36DEA9D60}.Debug|Any CPU.ActiveCfg = Debug|Any CPU
		{AD514971-E75A-488C-9531-F1A36DEA9D60}.Debug|Any CPU.Build.0 = Debug|Any CPU
		{AD514971-E75A-488C-9531-F1A36DEA9D60}.Release|Any CPU.ActiveCfg = Release|Any CPU
		{AD514971-E75A-488C-9531-F1A36DEA9D60}.Release|Any CPU.Build.0 = Release|Any CPU
		{599F012D-0BDF-4FDB-996F-982ACCD3998D}.Debug|Any CPU.ActiveCfg = Debug|Any CPU
		{599F012D-0BDF-4FDB-996F-982ACCD3998D}.Debug|Any CPU.Build.0 = Debug|Any CPU
		{599F012D-0BDF-4FDB-996F-982ACCD3998D}.Release|Any CPU.ActiveCfg = Release|Any CPU
		{599F012D-0BDF-4FDB-996F-982ACCD3998D}.Release|Any CPU.Build.0 = Release|Any CPU
	EndGlobalSection
	GlobalSection(SolutionProperties) = preSolution
		HideSolutionNode = FALSE
	EndGlobalSection
EndGlobal
